
Microsoft Visual Studio Solution File, Format Version 12.00
# Visual Studio Version 16
VisualStudioVersion = 16.6.30114.105
MinimumVisualStudioVersion = 10.0.40219.1
Project("{9A19103F-16F7-4668-BE54-9A1E7A4F7556}") = "DSModels", "DSModels\DSModels.csproj", "{808544F8-5AC5-4066-8BFE-51C8D9920CB5}"
EndProject
Project("{9A19103F-16F7-4668-BE54-9A1E7A4F7556}") = "DSBL", "DSBL\DSBL.csproj", "{769D5910-C840-4A84-98AB-A8E943161BA8}"
EndProject
Project("{9A19103F-16F7-4668-BE54-9A1E7A4F7556}") = "DSDL", "DSDL\DSDL.csproj", "{251C5E4E-5B50-4FDD-9497-6863CD9EAB5B}"
EndProject
Project("{9A19103F-16F7-4668-BE54-9A1E7A4F7556}") = "DSWebUI", "DSWebUI\DSWebUI.csproj", "{BE408EBC-212B-49AD-9FB4-66EC8BB982A2}"
	ProjectSection(ProjectDependencies) = postProject
		{769D5910-C840-4A84-98AB-A8E943161BA8} = {769D5910-C840-4A84-98AB-A8E943161BA8}
		{251C5E4E-5B50-4FDD-9497-6863CD9EAB5B} = {251C5E4E-5B50-4FDD-9497-6863CD9EAB5B}
		{808544F8-5AC5-4066-8BFE-51C8D9920CB5} = {808544F8-5AC5-4066-8BFE-51C8D9920CB5}
	EndProjectSection
EndProject
Project("{9A19103F-16F7-4668-BE54-9A1E7A4F7556}") = "DSTests", "DSTests\DSTests.csproj", "{B9C35A90-AFDA-4E77-AB1F-9D28BA83C71B}"
EndProject
Global
	GlobalSection(SolutionConfigurationPlatforms) = preSolution
		Debug|Any CPU = Debug|Any CPU
		Debug|x64 = Debug|x64
		Debug|x86 = Debug|x86
		Release|Any CPU = Release|Any CPU
		Release|x64 = Release|x64
		Release|x86 = Release|x86
	EndGlobalSection
	GlobalSection(ProjectConfigurationPlatforms) = postSolution
		{808544F8-5AC5-4066-8BFE-51C8D9920CB5}.Debug|Any CPU.ActiveCfg = Debug|Any CPU
		{808544F8-5AC5-4066-8BFE-51C8D9920CB5}.Debug|Any CPU.Build.0 = Debug|Any CPU
		{808544F8-5AC5-4066-8BFE-51C8D9920CB5}.Debug|x64.ActiveCfg = Debug|Any CPU
		{808544F8-5AC5-4066-8BFE-51C8D9920CB5}.Debug|x64.Build.0 = Debug|Any CPU
		{808544F8-5AC5-4066-8BFE-51C8D9920CB5}.Debug|x86.ActiveCfg = Debug|Any CPU
		{808544F8-5AC5-4066-8BFE-51C8D9920CB5}.Debug|x86.Build.0 = Debug|Any CPU
		{808544F8-5AC5-4066-8BFE-51C8D9920CB5}.Release|Any CPU.ActiveCfg = Release|Any CPU
		{808544F8-5AC5-4066-8BFE-51C8D9920CB5}.Release|Any CPU.Build.0 = Release|Any CPU
		{808544F8-5AC5-4066-8BFE-51C8D9920CB5}.Release|x64.ActiveCfg = Release|Any CPU
		{808544F8-5AC5-4066-8BFE-51C8D9920CB5}.Release|x64.Build.0 = Release|Any CPU
		{808544F8-5AC5-4066-8BFE-51C8D9920CB5}.Release|x86.ActiveCfg = Release|Any CPU
		{808544F8-5AC5-4066-8BFE-51C8D9920CB5}.Release|x86.Build.0 = Release|Any CPU
		{769D5910-C840-4A84-98AB-A8E943161BA8}.Debug|Any CPU.ActiveCfg = Debug|Any CPU
		{769D5910-C840-4A84-98AB-A8E943161BA8}.Debug|Any CPU.Build.0 = Debug|Any CPU
		{769D5910-C840-4A84-98AB-A8E943161BA8}.Debug|x64.ActiveCfg = Debug|Any CPU
		{769D5910-C840-4A84-98AB-A8E943161BA8}.Debug|x64.Build.0 = Debug|Any CPU
		{769D5910-C840-4A84-98AB-A8E943161BA8}.Debug|x86.ActiveCfg = Debug|Any CPU
		{769D5910-C840-4A84-98AB-A8E943161BA8}.Debug|x86.Build.0 = Debug|Any CPU
		{769D5910-C840-4A84-98AB-A8E943161BA8}.Release|Any CPU.ActiveCfg = Release|Any CPU
		{769D5910-C840-4A84-98AB-A8E943161BA8}.Release|Any CPU.Build.0 = Release|Any CPU
		{769D5910-C840-4A84-98AB-A8E943161BA8}.Release|x64.ActiveCfg = Release|Any CPU
		{769D5910-C840-4A84-98AB-A8E943161BA8}.Release|x64.Build.0 = Release|Any CPU
		{769D5910-C840-4A84-98AB-A8E943161BA8}.Release|x86.ActiveCfg = Release|Any CPU
		{769D5910-C840-4A84-98AB-A8E943161BA8}.Release|x86.Build.0 = Release|Any CPU
		{251C5E4E-5B50-4FDD-9497-6863CD9EAB5B}.Debug|Any CPU.ActiveCfg = Debug|Any CPU
		{251C5E4E-5B50-4FDD-9497-6863CD9EAB5B}.Debug|Any CPU.Build.0 = Debug|Any CPU
		{251C5E4E-5B50-4FDD-9497-6863CD9EAB5B}.Debug|x64.ActiveCfg = Debug|Any CPU
		{251C5E4E-5B50-4FDD-9497-6863CD9EAB5B}.Debug|x64.Build.0 = Debug|Any CPU
		{251C5E4E-5B50-4FDD-9497-6863CD9EAB5B}.Debug|x86.ActiveCfg = Debug|Any CPU
		{251C5E4E-5B50-4FDD-9497-6863CD9EAB5B}.Debug|x86.Build.0 = Debug|Any CPU
		{251C5E4E-5B50-4FDD-9497-6863CD9EAB5B}.Release|Any CPU.ActiveCfg = Release|Any CPU
		{251C5E4E-5B50-4FDD-9497-6863CD9EAB5B}.Release|Any CPU.Build.0 = Release|Any CPU
		{251C5E4E-5B50-4FDD-9497-6863CD9EAB5B}.Release|x64.ActiveCfg = Release|Any CPU
		{251C5E4E-5B50-4FDD-9497-6863CD9EAB5B}.Release|x64.Build.0 = Release|Any CPU
		{251C5E4E-5B50-4FDD-9497-6863CD9EAB5B}.Release|x86.ActiveCfg = Release|Any CPU
		{251C5E4E-5B50-4FDD-9497-6863CD9EAB5B}.Release|x86.Build.0 = Release|Any CPU
		{BE408EBC-212B-49AD-9FB4-66EC8BB982A2}.Debug|Any CPU.ActiveCfg = Debug|Any CPU
		{BE408EBC-212B-49AD-9FB4-66EC8BB982A2}.Debug|Any CPU.Build.0 = Debug|Any CPU
		{BE408EBC-212B-49AD-9FB4-66EC8BB982A2}.Debug|x64.ActiveCfg = Debug|Any CPU
		{BE408EBC-212B-49AD-9FB4-66EC8BB982A2}.Debug|x64.Build.0 = Debug|Any CPU
		{BE408EBC-212B-49AD-9FB4-66EC8BB982A2}.Debug|x86.ActiveCfg = Debug|Any CPU
		{BE408EBC-212B-49AD-9FB4-66EC8BB982A2}.Debug|x86.Build.0 = Debug|Any CPU
		{BE408EBC-212B-49AD-9FB4-66EC8BB982A2}.Release|Any CPU.ActiveCfg = Release|Any CPU
		{BE408EBC-212B-49AD-9FB4-66EC8BB982A2}.Release|Any CPU.Build.0 = Release|Any CPU
		{BE408EBC-212B-49AD-9FB4-66EC8BB982A2}.Release|x64.ActiveCfg = Release|Any CPU
		{BE408EBC-212B-49AD-9FB4-66EC8BB982A2}.Release|x64.Build.0 = Release|Any CPU
		{BE408EBC-212B-49AD-9FB4-66EC8BB982A2}.Release|x86.ActiveCfg = Release|Any CPU
		{BE408EBC-212B-49AD-9FB4-66EC8BB982A2}.Release|x86.Build.0 = Release|Any CPU
		{B9C35A90-AFDA-4E77-AB1F-9D28BA83C71B}.Debug|Any CPU.ActiveCfg = Debug|Any CPU
		{B9C35A90-AFDA-4E77-AB1F-9D28BA83C71B}.Debug|Any CPU.Build.0 = Debug|Any CPU
		{B9C35A90-AFDA-4E77-AB1F-9D28BA83C71B}.Debug|x64.ActiveCfg = Debug|Any CPU
		{B9C35A90-AFDA-4E77-AB1F-9D28BA83C71B}.Debug|x64.Build.0 = Debug|Any CPU
		{B9C35A90-AFDA-4E77-AB1F-9D28BA83C71B}.Debug|x86.ActiveCfg = Debug|Any CPU
		{B9C35A90-AFDA-4E77-AB1F-9D28BA83C71B}.Debug|x86.Build.0 = Debug|Any CPU
		{B9C35A90-AFDA-4E77-AB1F-9D28BA83C71B}.Release|Any CPU.ActiveCfg = Release|Any CPU
		{B9C35A90-AFDA-4E77-AB1F-9D28BA83C71B}.Release|Any CPU.Build.0 = Release|Any CPU
		{B9C35A90-AFDA-4E77-AB1F-9D28BA83C71B}.Release|x64.ActiveCfg = Release|Any CPU
		{B9C35A90-AFDA-4E77-AB1F-9D28BA83C71B}.Release|x64.Build.0 = Release|Any CPU
		{B9C35A90-AFDA-4E77-AB1F-9D28BA83C71B}.Release|x86.ActiveCfg = Release|Any CPU
		{B9C35A90-AFDA-4E77-AB1F-9D28BA83C71B}.Release|x86.Build.0 = Release|Any CPU
	EndGlobalSection
	GlobalSection(SolutionProperties) = preSolution
		HideSolutionNode = FALSE
	EndGlobalSection
	GlobalSection(ExtensibilityGlobals) = postSolution
		SolutionGuid = {58B8CB1B-5061-4D29-8E01-A397605DF5D2}
	EndGlobalSection
EndGlobal
